
Microsoft Visual Studio Solution File, Format Version 12.00
# Visual Studio Version 17
VisualStudioVersion = 17.12.35527.113
MinimumVisualStudioVersion = 10.0.40219.1
Project("{FAE04EC0-301F-11D3-BF4B-00C04F79EFBC}") = "Ejercicio", "Ejercicio\Ejercicio.csproj", "{6715391D-9763-48A9-90A2-47D27B5E4FCA}"
EndProject
Project("{FAE04EC0-301F-11D3-BF4B-00C04F79EFBC}") = "WebApiAsist", "WebApiAsist\WebApiAsist.csproj", "{0067F05E-7228-4665-BF11-2F8D02BA1F01}"
EndProject
Global
	GlobalSection(SolutionConfigurationPlatforms) = preSolution
		Debug|Any CPU = Debug|Any CPU
		Release|Any CPU = Release|Any CPU
	EndGlobalSection
	GlobalSection(ProjectConfigurationPlatforms) = postSolution
		{6715391D-9763-48A9-90A2-47D27B5E4FCA}.Debug|Any CPU.ActiveCfg = Debug|Any CPU
		{6715391D-9763-48A9-90A2-47D27B5E4FCA}.Debug|Any CPU.Build.0 = Debug|Any CPU
		{6715391D-9763-48A9-90A2-47D27B5E4FCA}.Debug|Any CPU.Deploy.0 = Debug|Any CPU
		{6715391D-9763-48A9-90A2-47D27B5E4FCA}.Release|Any CPU.ActiveCfg = Release|Any CPU
		{6715391D-9763-48A9-90A2-47D27B5E4FCA}.Release|Any CPU.Build.0 = Release|Any CPU
		{6715391D-9763-48A9-90A2-47D27B5E4FCA}.Release|Any CPU.Deploy.0 = Release|Any CPU
		{0067F05E-7228-4665-BF11-2F8D02BA1F01}.Debug|Any CPU.ActiveCfg = Debug|Any CPU
		{0067F05E-7228-4665-BF11-2F8D02BA1F01}.Debug|Any CPU.Build.0 = Debug|Any CPU
		{0067F05E-7228-4665-BF11-2F8D02BA1F01}.Release|Any CPU.ActiveCfg = Release|Any CPU
		{0067F05E-7228-4665-BF11-2F8D02BA1F01}.Release|Any CPU.Build.0 = Release|Any CPU
	EndGlobalSection
	GlobalSection(SolutionProperties) = preSolution
		HideSolutionNode = FALSE
	EndGlobalSection
EndGlobal
